{
  "name": "@ts-common/schema",
  "version": "0.0.3",
  "lockfileVersion": 1,
  "requires": true,
  "dependencies": {
    "@ts-common/iterator": {
      "version": "0.0.33",
      "resolved": "https://registry.npmjs.org/@ts-common/iterator/-/iterator-0.0.33.tgz",
      "integrity": "sha512-lw50Y/3j/4at879d/md0w9fWhqoucXyHi6bfNts+v3xNUczJomQ8Mu3LHyoEdIn/aUxT4Mh7WY+UpAq4MaH3zg==",
      "dev": true,
      "requires": {
        "@ts-common/tuple": "0.0.0"
      }
    },
    "@ts-common/json": {
      "version": "0.0.15",
      "resolved": "https://registry.npmjs.org/@ts-common/json/-/json-0.0.15.tgz",
      "integrity": "sha512-qC3PRoZ1bV2Q0ZrTIdDW1FNVxl8iviHf/bxwOFNlVRAnK7GqexLX8Im6CVtrtrpC+SZdwTS3ubtTpSo/qJaY1A==",
      "dev": true,
      "requires": {
        "@ts-common/iterator": "0.0.33",
        "@ts-common/string-map": "0.0.17"
      }
    },
    "@ts-common/json-parser": {
      "version": "0.0.5",
      "resolved": "https://registry.npmjs.org/@ts-common/json-parser/-/json-parser-0.0.5.tgz",
      "integrity": "sha512-9j9K9X2/wAX+zFae2kO6RKRUEI4HZgSs5vIscLoZF8k+3bmimIWrb6cJ6pBpYPZYd5VV/z41L4KihG7VMw5I6w==",
      "dev": true,
      "requires": {
        "@ts-common/iterator": "0.0.33",
        "@ts-common/json": "0.0.15",
        "@ts-common/source-map": "0.0.20",
        "@ts-common/string-map": "0.0.17",
        "tslib": "^1.9.3"
      }
    },
    "@ts-common/property-set": {
      "version": "0.0.7",
      "resolved": "https://registry.npmjs.org/@ts-common/property-set/-/property-set-0.0.7.tgz",
      "integrity": "sha512-T+ZQN0IAE+awuu6aNsvLpC2WtDfGf6t6A0WucywDBkuygk4GUrfLJUShNLKWhIZTENNLhw8Z77biybJiUWTPwg==",
      "dev": true
    },
    "@ts-common/schema": {
      "version": "0.0.2",
      "resolved": "https://registry.npmjs.org/@ts-common/schema/-/schema-0.0.2.tgz",
      "integrity": "sha512-YdN9hLzl4NPhhEAEtNOWvDJhgCC2GVIjuBsG/KnVfdMKDV/BjF9KEQQmnfjnQENZG9ng2JZ45hFc2YgDth/+sA==",
      "dev": true
    },
    "@ts-common/schema2ts": {
      "version": "0.0.42",
      "resolved": "https://registry.npmjs.org/@ts-common/schema2ts/-/schema2ts-0.0.42.tgz",
      "integrity": "sha512-+Svr37Cu4i6MEamVAtiNmQ6wkjg5Va0nxawmceBx787ksfGoE88CM2Oh94ayW6HN0c3U9wad9qFn5gx8RXKj8w==",
      "dev": true,
      "requires": {
        "@ts-common/iterator": "0.0.33",
        "@ts-common/json": "0.0.15",
        "@ts-common/json-parser": "0.0.5",
        "@ts-common/schema": "0.0.2",
        "@ts-common/string-map": "0.0.17",
        "tslib": "^1.9.3"
      }
    },
    "@ts-common/source-map": {
      "version": "0.0.20",
      "resolved": "https://registry.npmjs.org/@ts-common/source-map/-/source-map-0.0.20.tgz",
      "integrity": "sha512-48i538ElQ6Xm9gdvf9rRQS+2FmMutNQYHQmlrtBrl8zpPV79Z0kASyY6Bu66nmD8KTZuWgVNXfF2ETpnzE1T3g==",
      "dev": true,
      "requires": {
        "@ts-common/iterator": "0.0.33",
        "@ts-common/json": "0.0.15",
        "@ts-common/property-set": "0.0.7",
        "@ts-common/string-map": "0.0.17"
      }
    },
    "@ts-common/string-map": {
      "version": "0.0.17",
      "resolved": "https://registry.npmjs.org/@ts-common/string-map/-/string-map-0.0.17.tgz",
      "integrity": "sha512-flB+JaE4ACBdFlIvUdB2ezLZ+y887Zya8AyIfjcRgqVHJ6lbfEVzIfrSSpEgHCpF0+AVqspGGKgehXRfC2WzJA==",
      "dev": true,
      "requires": {
        "@ts-common/iterator": "0.0.33",
        "@ts-common/tuple": "0.0.0"
      }
    },
    "@ts-common/tuple": {
      "version": "0.0.0",
      "resolved": "https://registry.npmjs.org/@ts-common/tuple/-/tuple-0.0.0.tgz",
      "integrity": "sha512-4ETK16scspsJamVLbsBNTU/hnZUhY0gpTiIK2F7A/3Pr6kNg5FrPNu9x+aAx2OvfyGN+U8NiGROyaZXN4v1FHg==",
      "dev": true
    },
    "tslib": {
      "version": "1.9.3",
      "resolved": "https://registry.npmjs.org/tslib/-/tslib-1.9.3.tgz",
      "integrity": "sha512-4krF8scpejhaOgqzBEcGM7yDIEfi0/8+8zDRZhNZZ2kjmHJ4hv3zCbQWxoJGz1iw5U0Jl0nma13xzHXcncMavQ==",
      "dev": true
    },
    "typescript": {
      "version": "3.0.1",
      "resolved": "https://registry.npmjs.org/typescript/-/typescript-3.0.1.tgz",
      "integrity": "sha512-zQIMOmC+372pC/CCVLqnQ0zSBiY7HHodU7mpQdjiZddek4GMj31I3dUJ7gAs9o65X7mnRma6OokOkc6f9jjfBg==",
      "dev": true
    }
  }
}
